
Microsoft Visual Studio Solution File, Format Version 12.00
# Visual Studio Version 16
VisualStudioVersion = 16.0.30204.135
MinimumVisualStudioVersion = 10.0.40219.1
Project("{FAE04EC0-301F-11D3-BF4B-00C04F79EFBC}") = "Lesson10_InterfacesMachineExample", "Lesson10_InterfacesMachineExample.csproj", "{72F30E3C-E661-4C02-B709-9CCE83022D6E}"
EndProject
Global
	GlobalSection(SolutionConfigurationPlatforms) = preSolution
		Debug|Any CPU = Debug|Any CPU
		Release|Any CPU = Release|Any CPU
	EndGlobalSection
	GlobalSection(ProjectConfigurationPlatforms) = postSolution
		{72F30E3C-E661-4C02-B709-9CCE83022D6E}.Debug|Any CPU.ActiveCfg = Debug|Any CPU
		{72F30E3C-E661-4C02-B709-9CCE83022D6E}.Debug|Any CPU.Build.0 = Debug|Any CPU
		{72F30E3C-E661-4C02-B709-9CCE83022D6E}.Release|Any CPU.ActiveCfg = Release|Any CPU
		{72F30E3C-E661-4C02-B709-9CCE83022D6E}.Release|Any CPU.Build.0 = Release|Any CPU
	EndGlobalSection
	GlobalSection(SolutionProperties) = preSolution
		HideSolutionNode = FALSE
	EndGlobalSection
	GlobalSection(ExtensibilityGlobals) = postSolution
		SolutionGuid = {586A0784-04E3-41DC-A387-159538824509}
	EndGlobalSection
EndGlobal
